
Microsoft Visual Studio Solution File, Format Version 12.00
# Visual Studio 15
VisualStudioVersion = 15.0.35431.46
MinimumVisualStudioVersion = 10.0.40219.1
Project("{159641D6-6404-4A2A-AE62-294DE0FE8301}") = "Telecom_ETL", "Telecom_ETL\Telecom_ETL.dtproj", "{7D683B80-AF2B-42E0-B0D6-F3FA23960D8B}"
EndProject
Global
	GlobalSection(SolutionConfigurationPlatforms) = preSolution
		Development|Default = Development|Default
	EndGlobalSection
	GlobalSection(ProjectConfigurationPlatforms) = postSolution
		{7D683B80-AF2B-42E0-B0D6-F3FA23960D8B}.Development|Default.ActiveCfg = Development
		{7D683B80-AF2B-42E0-B0D6-F3FA23960D8B}.Development|Default.Build.0 = Development
	EndGlobalSection
	GlobalSection(SolutionProperties) = preSolution
		HideSolutionNode = FALSE
	EndGlobalSection
	GlobalSection(ExtensibilityGlobals) = postSolution
		SolutionGuid = {DA039C54-012E-4BE7-962F-4794F268EBE8}
	EndGlobalSection
EndGlobal
